
Microsoft Visual Studio Solution File, Format Version 12.00
# Visual Studio Version 16
VisualStudioVersion = 16.0.30204.135
MinimumVisualStudioVersion = 10.0.40219.1
Project("{9A19103F-16F7-4668-BE54-9A1E7A4F7556}") = "Japanizor", "Japanizor\Japanizor.csproj", "{17A5E105-E3F3-45E1-AFDE-BC77E75C02F9}"
EndProject
Project("{9A19103F-16F7-4668-BE54-9A1E7A4F7556}") = "Sandbox", "Sandbox\Sandbox.csproj", "{B94C2FBE-FEC8-420D-AC5F-4F2E54A7063A}"
EndProject
Global
	GlobalSection(SolutionConfigurationPlatforms) = preSolution
		Debug|Any CPU = Debug|Any CPU
		Release|Any CPU = Release|Any CPU
	EndGlobalSection
	GlobalSection(ProjectConfigurationPlatforms) = postSolution
		{17A5E105-E3F3-45E1-AFDE-BC77E75C02F9}.Debug|Any CPU.ActiveCfg = Debug|Any CPU
		{17A5E105-E3F3-45E1-AFDE-BC77E75C02F9}.Debug|Any CPU.Build.0 = Debug|Any CPU
		{17A5E105-E3F3-45E1-AFDE-BC77E75C02F9}.Release|Any CPU.ActiveCfg = Release|Any CPU
		{17A5E105-E3F3-45E1-AFDE-BC77E75C02F9}.Release|Any CPU.Build.0 = Release|Any CPU
		{B94C2FBE-FEC8-420D-AC5F-4F2E54A7063A}.Debug|Any CPU.ActiveCfg = Debug|Any CPU
		{B94C2FBE-FEC8-420D-AC5F-4F2E54A7063A}.Debug|Any CPU.Build.0 = Debug|Any CPU
		{B94C2FBE-FEC8-420D-AC5F-4F2E54A7063A}.Release|Any CPU.ActiveCfg = Release|Any CPU
		{B94C2FBE-FEC8-420D-AC5F-4F2E54A7063A}.Release|Any CPU.Build.0 = Release|Any CPU
	EndGlobalSection
	GlobalSection(SolutionProperties) = preSolution
		HideSolutionNode = FALSE
	EndGlobalSection
	GlobalSection(ExtensibilityGlobals) = postSolution
		SolutionGuid = {E86EE7F8-76C1-49C3-859B-48C8B13CD717}
	EndGlobalSection
EndGlobal
